schema: '2.0'
stages:
  validate:
    cmd: python3 -m src.data.ingestion && python3 -m src.data.validation
    deps:
    - path: data/raw/dataset.csv
      hash: md5
      md5: 1f1f7b4b36b74465cf9d9fe52002fce7
      size: 670345
    - path: great_expectations/checkpoints/dataset_checkpoint.yml
      hash: md5
      md5: ef95b35ee5f929a388408c370de1ab15
      size: 581
    - path: great_expectations/expectations/dataset_suite.json
      hash: md5
      md5: b9ab89be13f004fd8938bde10ff3a203
      size: 5366
    - path: src/data/ingestion.py
      hash: md5
      md5: bb40eb06b113932c2fb5d95b6081a8c7
      size: 2181
    - path: src/data/validation.py
      hash: md5
      md5: db71ad42afe959143e858d783b3217e4
      size: 2959
  preprocess:
    cmd: python3 -m src.data.preprocessing
    deps:
    - path: data/raw/dataset.csv
      hash: md5
      md5: 1f1f7b4b36b74465cf9d9fe52002fce7
      size: 670345
    - path: src/data/preprocessing.py
      hash: md5
      md5: c8141ed51175315a4cee4386be8e6523
      size: 2876
    outs:
    - path: data/processed/dataset_clean.csv
      hash: md5
      md5: 1f1f7b4b36b74465cf9d9fe52002fce7
      size: 670345
  build_features:
    cmd: python3 -m src.features.build_features
    deps:
    - path: data/processed/dataset_clean.csv
      hash: md5
      md5: 1f1f7b4b36b74465cf9d9fe52002fce7
      size: 670345
    - path: src/features/build_features.py
      hash: md5
      md5: 2d1e9f2f232f47c605036380e7ed21e1
      size: 5671
    outs:
    - path: data/features/feast_features.parquet
      hash: md5
      md5: d3033e49cb5d5f0055bc1c7c5d873a87
      size: 221854
    - path: data/features/features.parquet
      hash: md5
      md5: 6094a29bc108416093caf3c05ba3938d
      size: 243300
